
Microsoft Visual Studio Solution File, Format Version 12.00
# Visual Studio 14
VisualStudioVersion = 14.0.25123.0
MinimumVisualStudioVersion = 10.0.40219.1
Project("{FAE04EC0-301F-11D3-BF4B-00C04F79EFBC}") = "TermProject", "SL-emh90\TermProject.csproj", "{A26F5144-0BFD-432B-97DE-75A625773AFB}"
EndProject
Global
	GlobalSection(SolutionConfigurationPlatforms) = preSolution
		Debug|Any CPU = Debug|Any CPU
		Release|Any CPU = Release|Any CPU
	EndGlobalSection
	GlobalSection(ProjectConfigurationPlatforms) = postSolution
		{A26F5144-0BFD-432B-97DE-75A625773AFB}.Debug|Any CPU.ActiveCfg = Debug|Any CPU
		{A26F5144-0BFD-432B-97DE-75A625773AFB}.Debug|Any CPU.Build.0 = Debug|Any CPU
		{A26F5144-0BFD-432B-97DE-75A625773AFB}.Release|Any CPU.ActiveCfg = Release|Any CPU
		{A26F5144-0BFD-432B-97DE-75A625773AFB}.Release|Any CPU.Build.0 = Release|Any CPU
	EndGlobalSection
	GlobalSection(SolutionProperties) = preSolution
		HideSolutionNode = FALSE
	EndGlobalSection
EndGlobal
